
Microsoft Visual Studio Solution File, Format Version 12.00
# Visual Studio Version 16
VisualStudioVersion = 16.0.30104.148
MinimumVisualStudioVersion = 10.0.40219.1
Project("{9A19103F-16F7-4668-BE54-9A1E7A4F7556}") = "SectorBuilder", "SectorBuilder\SectorBuilder.csproj", "{0BD4F7AC-67D4-4821-B266-BDCD8130D606}"
EndProject
Project("{FAE04EC0-301F-11D3-BF4B-00C04F79EFBC}") = "SectorBuilderTest", "SectorBuilderTest\SectorBuilderTest.csproj", "{D42D5CC5-E78D-49AC-AECC-559BE13BBD6B}"
EndProject
Global
	GlobalSection(SolutionConfigurationPlatforms) = preSolution
		Debug|Any CPU = Debug|Any CPU
		Release|Any CPU = Release|Any CPU
	EndGlobalSection
	GlobalSection(ProjectConfigurationPlatforms) = postSolution
		{0BD4F7AC-67D4-4821-B266-BDCD8130D606}.Debug|Any CPU.ActiveCfg = Debug|Any CPU
		{0BD4F7AC-67D4-4821-B266-BDCD8130D606}.Debug|Any CPU.Build.0 = Debug|Any CPU
		{0BD4F7AC-67D4-4821-B266-BDCD8130D606}.Release|Any CPU.ActiveCfg = Release|Any CPU
		{0BD4F7AC-67D4-4821-B266-BDCD8130D606}.Release|Any CPU.Build.0 = Release|Any CPU
		{D42D5CC5-E78D-49AC-AECC-559BE13BBD6B}.Debug|Any CPU.ActiveCfg = Debug|Any CPU
		{D42D5CC5-E78D-49AC-AECC-559BE13BBD6B}.Debug|Any CPU.Build.0 = Debug|Any CPU
		{D42D5CC5-E78D-49AC-AECC-559BE13BBD6B}.Release|Any CPU.ActiveCfg = Release|Any CPU
		{D42D5CC5-E78D-49AC-AECC-559BE13BBD6B}.Release|Any CPU.Build.0 = Release|Any CPU
	EndGlobalSection
	GlobalSection(SolutionProperties) = preSolution
		HideSolutionNode = FALSE
	EndGlobalSection
	GlobalSection(ExtensibilityGlobals) = postSolution
		SolutionGuid = {53B12382-465F-4F52-B1D4-E3F04F6AF185}
	EndGlobalSection
EndGlobal
